
Microsoft Visual Studio Solution File, Format Version 12.00
# Visual Studio Version 16
VisualStudioVersion = 16.0.32630.194
MinimumVisualStudioVersion = 10.0.40219.1
Project("{FAE04EC0-301F-11D3-BF4B-00C04F79EFBC}") = "CookieChecker", "CookieChecker\CookieChecker.csproj", "{C59CB5EB-3594-4B91-93F3-25205E2C727E}"
EndProject
Global
	GlobalSection(SolutionConfigurationPlatforms) = preSolution
		Debug|Any CPU = Debug|Any CPU
		Release|Any CPU = Release|Any CPU
	EndGlobalSection
	GlobalSection(ProjectConfigurationPlatforms) = postSolution
		{C59CB5EB-3594-4B91-93F3-25205E2C727E}.Debug|Any CPU.ActiveCfg = Debug|Any CPU
		{C59CB5EB-3594-4B91-93F3-25205E2C727E}.Debug|Any CPU.Build.0 = Debug|Any CPU
		{C59CB5EB-3594-4B91-93F3-25205E2C727E}.Release|Any CPU.ActiveCfg = Release|Any CPU
		{C59CB5EB-3594-4B91-93F3-25205E2C727E}.Release|Any CPU.Build.0 = Release|Any CPU
	EndGlobalSection
	GlobalSection(SolutionProperties) = preSolution
		HideSolutionNode = FALSE
	EndGlobalSection
	GlobalSection(ExtensibilityGlobals) = postSolution
		SolutionGuid = {A175EA5E-696C-4EB6-AB83-86516431FEEF}
	EndGlobalSection
EndGlobal
